
Microsoft Visual Studio Solution File, Format Version 12.00
# Visual Studio Version 17
VisualStudioVersion = 17.14.36623.8 d17.14
MinimumVisualStudioVersion = 10.0.40219.1
Project("{FAE04EC0-301F-11D3-BF4B-00C04F79EFBC}") = "just cargo", "just cargo.csproj", "{C49770E9-0390-E154-ECE1-97DE85E60F93}"
EndProject
Global
	GlobalSection(SolutionConfigurationPlatforms) = preSolution
		Debug|Any CPU = Debug|Any CPU
		Release|Any CPU = Release|Any CPU
	EndGlobalSection
	GlobalSection(ProjectConfigurationPlatforms) = postSolution
		{C49770E9-0390-E154-ECE1-97DE85E60F93}.Debug|Any CPU.ActiveCfg = Debug|Any CPU
		{C49770E9-0390-E154-ECE1-97DE85E60F93}.Debug|Any CPU.Build.0 = Debug|Any CPU
		{C49770E9-0390-E154-ECE1-97DE85E60F93}.Release|Any CPU.ActiveCfg = Release|Any CPU
		{C49770E9-0390-E154-ECE1-97DE85E60F93}.Release|Any CPU.Build.0 = Release|Any CPU
	EndGlobalSection
	GlobalSection(SolutionProperties) = preSolution
		HideSolutionNode = FALSE
	EndGlobalSection
	GlobalSection(ExtensibilityGlobals) = postSolution
		SolutionGuid = {A05AEB37-B86C-4A45-913D-3164DFDBA4CC}
	EndGlobalSection
EndGlobal
